// !$*UTF8*$!
{
	archiveVersion = 1;
	classes = {
	};
	objectVersion = 50;
	objects = {

/* Begin PBXBuildFile section */
		28786996A4CE7F0F67FC6E55 /* Pods_BookShare.framework in Frameworks */ = {isa = PBXBuildFile; fileRef = A02705B4BBEB21707C9BADEC /* Pods_BookShare.framework */; };
		D70318BB22168857009D76F2 /* UserData.swift in Sources */ = {isa = PBXBuildFile; fileRef = D70318BA22168857009D76F2 /* UserData.swift */; };
		D70EB51F221542E500BA7C51 /* Menu.swift in Sources */ = {isa = PBXBuildFile; fileRef = D70EB51E221542E500BA7C51 /* Menu.swift */; };
		D713421421F0584E006DAE4C /* GoogleService-Info.plist in Resources */ = {isa = PBXBuildFile; fileRef = D713421321F0584E006DAE4C /* GoogleService-Info.plist */; };
		D731CB372201347400D80A83 /* SettingDeliveryInformation.swift in Sources */ = {isa = PBXBuildFile; fileRef = D731CB362201347400D80A83 /* SettingDeliveryInformation.swift */; };
		D7379B2C22154A3800924E32 /* MenuView.storyboard in Resources */ = {isa = PBXBuildFile; fileRef = D7379B2B22154A3800924E32 /* MenuView.storyboard */; };
		D7379B2E2215551600924E32 /* Contact.swift in Sources */ = {isa = PBXBuildFile; fileRef = D7379B2D2215551600924E32 /* Contact.swift */; };
		D74339C721F9D5B90067A6EC /* sample.png in Resources */ = {isa = PBXBuildFile; fileRef = D74339C621F9D5B90067A6EC /* sample.png */; };
		D74D884521E8CB5F00229972 /* DetailBooks2.swift in Sources */ = {isa = PBXBuildFile; fileRef = D74D884421E8CB5F00229972 /* DetailBooks2.swift */; };
		D74D884721E8CF5900229972 /* SearchResult.swift in Sources */ = {isa = PBXBuildFile; fileRef = D74D884621E8CF5900229972 /* SearchResult.swift */; };
		D74D884921E8CF6800229972 /* SearchCategory.swift in Sources */ = {isa = PBXBuildFile; fileRef = D74D884821E8CF6800229972 /* SearchCategory.swift */; };
		D7649BFB220A8DEF00AD2E70 /* SignUp.swift in Sources */ = {isa = PBXBuildFile; fileRef = D7649BFA220A8DEF00AD2E70 /* SignUp.swift */; };
		D7669B9921FC51C200A066E1 /* SettingDataOfBook.swift in Sources */ = {isa = PBXBuildFile; fileRef = D7669B9821FC51C200A066E1 /* SettingDataOfBook.swift */; };
		D7669B9B21FC6AC100A066E1 /* good.png in Resources */ = {isa = PBXBuildFile; fileRef = D7669B9A21FC6AC000A066E1 /* good.png */; };
		D7669BA021FC6C3100A066E1 /* product.png in Resources */ = {isa = PBXBuildFile; fileRef = D7669B9C21FC6C2E00A066E1 /* product.png */; };
		D7669BA121FC6C3100A066E1 /* home.png in Resources */ = {isa = PBXBuildFile; fileRef = D7669B9D21FC6C2F00A066E1 /* home.png */; };
		D7669BA221FC6C3100A066E1 /* notification.png in Resources */ = {isa = PBXBuildFile; fileRef = D7669B9E21FC6C2F00A066E1 /* notification.png */; };
		D7669BA321FC6C3100A066E1 /* person.png in Resources */ = {isa = PBXBuildFile; fileRef = D7669B9F21FC6C3000A066E1 /* person.png */; };
		D769B6EF220BEAF200D325B9 /* SignUpIn.storyboard in Resources */ = {isa = PBXBuildFile; fileRef = D769B6EE220BEAF200D325B9 /* SignUpIn.storyboard */; };
		D787E4A921E857C900025EDE /* AppDelegate.swift in Sources */ = {isa = PBXBuildFile; fileRef = D787E4A821E857C900025EDE /* AppDelegate.swift */; };
		D787E4AE21E857C900025EDE /* Main.storyboard in Resources */ = {isa = PBXBuildFile; fileRef = D787E4AC21E857C900025EDE /* Main.storyboard */; };
		D787E4B021E857CB00025EDE /* Assets.xcassets in Resources */ = {isa = PBXBuildFile; fileRef = D787E4AF21E857CB00025EDE /* Assets.xcassets */; };
		D787E4B321E857CB00025EDE /* LaunchScreen.storyboard in Resources */ = {isa = PBXBuildFile; fileRef = D787E4B121E857CB00025EDE /* LaunchScreen.storyboard */; };
		D787E4BD21E85ACE00025EDE /* GoodList.swift in Sources */ = {isa = PBXBuildFile; fileRef = D787E4BC21E85ACE00025EDE /* GoodList.swift */; };
		D787E4C121E85B2700025EDE /* Notification.swift in Sources */ = {isa = PBXBuildFile; fileRef = D787E4C021E85B2700025EDE /* Notification.swift */; };
		D787E4C321E85B3600025EDE /* MyPage.swift in Sources */ = {isa = PBXBuildFile; fileRef = D787E4C221E85B3600025EDE /* MyPage.swift */; };
		D787E4C521E85B4200025EDE /* Home.swift in Sources */ = {isa = PBXBuildFile; fileRef = D787E4C421E85B4200025EDE /* Home.swift */; };
		D787E4C921E85C2500025EDE /* SellBook.swift in Sources */ = {isa = PBXBuildFile; fileRef = D787E4C821E85C2500025EDE /* SellBook.swift */; };
		D787E4CB21E85C3000025EDE /* SellBooks.swift in Sources */ = {isa = PBXBuildFile; fileRef = D787E4CA21E85C3000025EDE /* SellBooks.swift */; };
		D787E4CD21E85C3D00025EDE /* DetailBook.swift in Sources */ = {isa = PBXBuildFile; fileRef = D787E4CC21E85C3D00025EDE /* DetailBook.swift */; };
		D787E4CF21E85C4B00025EDE /* DetailBooks.swift in Sources */ = {isa = PBXBuildFile; fileRef = D787E4CE21E85C4B00025EDE /* DetailBooks.swift */; };
		D787E4D121E85C8E00025EDE /* OtherPage.swift in Sources */ = {isa = PBXBuildFile; fileRef = D787E4D021E85C8E00025EDE /* OtherPage.swift */; };
		D7AC786F220BF23B0037EE63 /* SignIn.swift in Sources */ = {isa = PBXBuildFile; fileRef = D7AC786E220BF23B0037EE63 /* SignIn.swift */; };
		D7AC7873220BF71F0037EE63 /* SignOutClass.swift in Sources */ = {isa = PBXBuildFile; fileRef = D7AC7872220BF71F0037EE63 /* SignOutClass.swift */; };
		D7AE788D21F1BE2D00215844 /* BookItem.swift in Sources */ = {isa = PBXBuildFile; fileRef = D7AE788C21F1BE2D00215844 /* BookItem.swift */; };
		D7AE788F21F2131300215844 /* placeholder.png in Resources */ = {isa = PBXBuildFile; fileRef = D7AE788E21F2131300215844 /* placeholder.png */; };
		D7EFBA7221E9A82C002DD6A2 /* NotificationCell.swift in Sources */ = {isa = PBXBuildFile; fileRef = D7EFBA7021E9A82C002DD6A2 /* NotificationCell.swift */; };
		D7EFBA7321E9A82C002DD6A2 /* NotificationCell.xib in Resources */ = {isa = PBXBuildFile; fileRef = D7EFBA7121E9A82C002DD6A2 /* NotificationCell.xib */; };
/* End PBXBuildFile section */

/* Begin PBXFileReference section */
		8E38B32A67BB6A0776C7F920 /* Pods-BookShare.debug.xcconfig */ = {isa = PBXFileReference; includeInIndex = 1; lastKnownFileType = text.xcconfig; name = "Pods-BookShare.debug.xcconfig"; path = "Pods/Target Support Files/Pods-BookShare/Pods-BookShare.debug.xcconfig"; sourceTree = "<group>"; };
		A02705B4BBEB21707C9BADEC /* Pods_BookShare.framework */ = {isa = PBXFileReference; explicitFileType = wrapper.framework; includeInIndex = 0; path = Pods_BookShare.framework; sourceTree = BUILT_PRODUCTS_DIR; };
		D46476F66A8ECA6BBB77A6DB /* Pods-BookShare.release.xcconfig */ = {isa = PBXFileReference; includeInIndex = 1; lastKnownFileType = text.xcconfig; name = "Pods-BookShare.release.xcconfig"; path = "Pods/Target Support Files/Pods-BookShare/Pods-BookShare.release.xcconfig"; sourceTree = "<group>"; };
		D70318BA22168857009D76F2 /* UserData.swift */ = {isa = PBXFileReference; lastKnownFileType = sourcecode.swift; path = UserData.swift; sourceTree = "<group>"; };
		D70EB51E221542E500BA7C51 /* Menu.swift */ = {isa = PBXFileReference; lastKnownFileType = sourcecode.swift; path = Menu.swift; sourceTree = "<group>"; };
		D713421321F0584E006DAE4C /* GoogleService-Info.plist */ = {isa = PBXFileReference; fileEncoding = 4; lastKnownFileType = text.plist.xml; path = "GoogleService-Info.plist"; sourceTree = "<group>"; };
		D731CB362201347400D80A83 /* SettingDeliveryInformation.swift */ = {isa = PBXFileReference; lastKnownFileType = sourcecode.swift; path = SettingDeliveryInformation.swift; sourceTree = "<group>"; };
		D7379B2B22154A3800924E32 /* MenuView.storyboard */ = {isa = PBXFileReference; lastKnownFileType = file.storyboard; path = MenuView.storyboard; sourceTree = "<group>"; };
		D7379B2D2215551600924E32 /* Contact.swift */ = {isa = PBXFileReference; lastKnownFileType = sourcecode.swift; path = Contact.swift; sourceTree = "<group>"; };
		D74339C621F9D5B90067A6EC /* sample.png */ = {isa = PBXFileReference; lastKnownFileType = image.png; path = sample.png; sourceTree = "<group>"; };
		D74D884421E8CB5F00229972 /* DetailBooks2.swift */ = {isa = PBXFileReference; lastKnownFileType = sourcecode.swift; path = DetailBooks2.swift; sourceTree = "<group>"; };
		D74D884621E8CF5900229972 /* SearchResult.swift */ = {isa = PBXFileReference; lastKnownFileType = sourcecode.swift; path = SearchResult.swift; sourceTree = "<group>"; };
		D74D884821E8CF6800229972 /* SearchCategory.swift */ = {isa = PBXFileReference; lastKnownFileType = sourcecode.swift; path = SearchCategory.swift; sourceTree = "<group>"; };
		D7649BFA220A8DEF00AD2E70 /* SignUp.swift */ = {isa = PBXFileReference; lastKnownFileType = sourcecode.swift; path = SignUp.swift; sourceTree = "<group>"; };
		D7669B9821FC51C200A066E1 /* SettingDataOfBook.swift */ = {isa = PBXFileReference; lastKnownFileType = sourcecode.swift; path = SettingDataOfBook.swift; sourceTree = "<group>"; };
		D7669B9A21FC6AC000A066E1 /* good.png */ = {isa = PBXFileReference; lastKnownFileType = image.png; path = good.png; sourceTree = "<group>"; };
		D7669B9C21FC6C2E00A066E1 /* product.png */ = {isa = PBXFileReference; lastKnownFileType = image.png; path = product.png; sourceTree = "<group>"; };
		D7669B9D21FC6C2F00A066E1 /* home.png */ = {isa = PBXFileReference; lastKnownFileType = image.png; path = home.png; sourceTree = "<group>"; };
		D7669B9E21FC6C2F00A066E1 /* notification.png */ = {isa = PBXFileReference; lastKnownFileType = image.png; path = notification.png; sourceTree = "<group>"; };
		D7669B9F21FC6C3000A066E1 /* person.png */ = {isa = PBXFileReference; lastKnownFileType = image.png; path = person.png; sourceTree = "<group>"; };
		D769B6EE220BEAF200D325B9 /* SignUpIn.storyboard */ = {isa = PBXFileReference; lastKnownFileType = file.storyboard; path = SignUpIn.storyboard; sourceTree = "<group>"; };
		D787E4A521E857C900025EDE /* BookShare.app */ = {isa = PBXFileReference; explicitFileType = wrapper.application; includeInIndex = 0; path = BookShare.app; sourceTree = BUILT_PRODUCTS_DIR; };
		D787E4A821E857C900025EDE /* AppDelegate.swift */ = {isa = PBXFileReference; lastKnownFileType = sourcecode.swift; path = AppDelegate.swift; sourceTree = "<group>"; };
		D787E4AD21E857C900025EDE /* Base */ = {isa = PBXFileReference; lastKnownFileType = file.storyboard; name = Base; path = Base.lproj/Main.storyboard; sourceTree = "<group>"; };
		D787E4AF21E857CB00025EDE /* Assets.xcassets */ = {isa = PBXFileReference; lastKnownFileType = folder.assetcatalog; path = Assets.xcassets; sourceTree = "<group>"; };
		D787E4B221E857CB00025EDE /* Base */ = {isa = PBXFileReference; lastKnownFileType = file.storyboard; name = Base; path = Base.lproj/LaunchScreen.storyboard; sourceTree = "<group>"; };
		D787E4B421E857CB00025EDE /* Info.plist */ = {isa = PBXFileReference; lastKnownFileType = text.plist.xml; path = Info.plist; sourceTree = "<group>"; };
		D787E4BC21E85ACE00025EDE /* GoodList.swift */ = {isa = PBXFileReference; lastKnownFileType = sourcecode.swift; path = GoodList.swift; sourceTree = "<group>"; };
		D787E4C021E85B2700025EDE /* Notification.swift */ = {isa = PBXFileReference; lastKnownFileType = sourcecode.swift; path = Notification.swift; sourceTree = "<group>"; };
		D787E4C221E85B3600025EDE /* MyPage.swift */ = {isa = PBXFileReference; lastKnownFileType = sourcecode.swift; path = MyPage.swift; sourceTree = "<group>"; };
		D787E4C421E85B4200025EDE /* Home.swift */ = {isa = PBXFileReference; lastKnownFileType = sourcecode.swift; path = Home.swift; sourceTree = "<group>"; };
		D787E4C821E85C2500025EDE /* SellBook.swift */ = {isa = PBXFileReference; lastKnownFileType = sourcecode.swift; path = SellBook.swift; sourceTree = "<group>"; };
		D787E4CA21E85C3000025EDE /* SellBooks.swift */ = {isa = PBXFileReference; lastKnownFileType = sourcecode.swift; path = SellBooks.swift; sourceTree = "<group>"; };
		D787E4CC21E85C3D00025EDE /* DetailBook.swift */ = {isa = PBXFileReference; lastKnownFileType = sourcecode.swift; path = DetailBook.swift; sourceTree = "<group>"; };
		D787E4CE21E85C4B00025EDE /* DetailBooks.swift */ = {isa = PBXFileReference; lastKnownFileType = sourcecode.swift; path = DetailBooks.swift; sourceTree = "<group>"; };
		D787E4D021E85C8E00025EDE /* OtherPage.swift */ = {isa = PBXFileReference; lastKnownFileType = sourcecode.swift; path = OtherPage.swift; sourceTree = "<group>"; };
		D7AC786E220BF23B0037EE63 /* SignIn.swift */ = {isa = PBXFileReference; lastKnownFileType = sourcecode.swift; path = SignIn.swift; sourceTree = "<group>"; };
		D7AC7872220BF71F0037EE63 /* SignOutClass.swift */ = {isa = PBXFileReference; lastKnownFileType = sourcecode.swift; path = SignOutClass.swift; sourceTree = "<group>"; };
		D7AE788C21F1BE2D00215844 /* BookItem.swift */ = {isa = PBXFileReference; lastKnownFileType = sourcecode.swift; path = BookItem.swift; sourceTree = "<group>"; };
		D7AE788E21F2131300215844 /* placeholder.png */ = {isa = PBXFileReference; lastKnownFileType = image.png; path = placeholder.png; sourceTree = "<group>"; };
		D7EFBA7021E9A82C002DD6A2 /* NotificationCell.swift */ = {isa = PBXFileReference; lastKnownFileType = sourcecode.swift; path = NotificationCell.swift; sourceTree = "<group>"; };
		D7EFBA7121E9A82C002DD6A2 /* NotificationCell.xib */ = {isa = PBXFileReference; lastKnownFileType = file.xib; path = NotificationCell.xib; sourceTree = "<group>"; };
/* End PBXFileReference section */

/* Begin PBXFrameworksBuildPhase section */
		D787E4A221E857C900025EDE /* Frameworks */ = {
			isa = PBXFrameworksBuildPhase;
			buildActionMask = 2147483647;
			files = (
				28786996A4CE7F0F67FC6E55 /* Pods_BookShare.framework in Frameworks */,
			);
			runOnlyForDeploymentPostprocessing = 0;
		};
/* End PBXFrameworksBuildPhase section */

/* Begin PBXGroup section */
		A2AB0A2E7DB411D5E87FEA93 /* Frameworks */ = {
			isa = PBXGroup;
			children = (
				A02705B4BBEB21707C9BADEC /* Pods_BookShare.framework */,
			);
			name = Frameworks;
			sourceTree = "<group>";
		};
		CC18050124657917BBBCD14B /* Pods */ = {
			isa = PBXGroup;
			children = (
				8E38B32A67BB6A0776C7F920 /* Pods-BookShare.debug.xcconfig */,
				D46476F66A8ECA6BBB77A6DB /* Pods-BookShare.release.xcconfig */,
			);
			name = Pods;
			sourceTree = "<group>";
		};
		D727563C220D532400FADCEE /* Home */ = {
			isa = PBXGroup;
			children = (
				D787E4C421E85B4200025EDE /* Home.swift */,
			);
			path = Home;
			sourceTree = "<group>";
		};
		D727563D220D533400FADCEE /* Notification */ = {
			isa = PBXGroup;
			children = (
				D787E4C021E85B2700025EDE /* Notification.swift */,
				D7EFBA7021E9A82C002DD6A2 /* NotificationCell.swift */,
				D7EFBA7121E9A82C002DD6A2 /* NotificationCell.xib */,
			);
			path = Notification;
			sourceTree = "<group>";
		};
		D727563E220D534300FADCEE /* MyPage */ = {
			isa = PBXGroup;
			children = (
				D787E4C221E85B3600025EDE /* MyPage.swift */,
				D787E4D021E85C8E00025EDE /* OtherPage.swift */,
			);
			path = MyPage;
			sourceTree = "<group>";
		};
		D727563F220D534600FADCEE /* Sell */ = {
			isa = PBXGroup;
			children = (
				D787E4C821E85C2500025EDE /* SellBook.swift */,
				D787E4CA21E85C3000025EDE /* SellBooks.swift */,
				D731CB362201347400D80A83 /* SettingDeliveryInformation.swift */,
				D7669B9821FC51C200A066E1 /* SettingDataOfBook.swift */,
			);
			path = Sell;
			sourceTree = "<group>";
		};
		D7275640220D534700FADCEE /* GoodList */ = {
			isa = PBXGroup;
			children = (
				D787E4BC21E85ACE00025EDE /* GoodList.swift */,
			);
			path = GoodList;
			sourceTree = "<group>";
		};
		D7275641220D535D00FADCEE /* Detail */ = {
			isa = PBXGroup;
			children = (
				D787E4CC21E85C3D00025EDE /* DetailBook.swift */,
				D787E4CE21E85C4B00025EDE /* DetailBooks.swift */,
				D74D884421E8CB5F00229972 /* DetailBooks2.swift */,
			);
			path = Detail;
			sourceTree = "<group>";
		};
		D7275642220D536500FADCEE /* SignUpIn */ = {
			isa = PBXGroup;
			children = (
				D769B6EE220BEAF200D325B9 /* SignUpIn.storyboard */,
				D7649BFA220A8DEF00AD2E70 /* SignUp.swift */,
				D7AC786E220BF23B0037EE63 /* SignIn.swift */,
				D7AC7872220BF71F0037EE63 /* SignOutClass.swift */,
			);
			path = SignUpIn;
			sourceTree = "<group>";
		};
		D7275643220D53B100FADCEE /* Search */ = {
			isa = PBXGroup;
			children = (
				D74D884621E8CF5900229972 /* SearchResult.swift */,
				D74D884821E8CF6800229972 /* SearchCategory.swift */,
			);
			path = Search;
			sourceTree = "<group>";
		};
		D7379B26221549BC00924E32 /* Other */ = {
			isa = PBXGroup;
			children = (
				D70EB51E221542E500BA7C51 /* Menu.swift */,
				D7379B2B22154A3800924E32 /* MenuView.storyboard */,
				D7AE788C21F1BE2D00215844 /* BookItem.swift */,
				D7379B2D2215551600924E32 /* Contact.swift */,
				D70318BA22168857009D76F2 /* UserData.swift */,
			);
			path = Other;
			sourceTree = "<group>";
		};
		D787E49C21E857C900025EDE = {
			isa = PBXGroup;
			children = (
				D787E4A721E857C900025EDE /* BookShare */,
				D787E4A621E857C900025EDE /* Products */,
				CC18050124657917BBBCD14B /* Pods */,
				A2AB0A2E7DB411D5E87FEA93 /* Frameworks */,
			);
			sourceTree = "<group>";
		};
		D787E4A621E857C900025EDE /* Products */ = {
			isa = PBXGroup;
			children = (
				D787E4A521E857C900025EDE /* BookShare.app */,
			);
			name = Products;
			sourceTree = "<group>";
		};
		D787E4A721E857C900025EDE /* BookShare */ = {
			isa = PBXGroup;
			children = (
				D7AE788E21F2131300215844 /* placeholder.png */,
				D74339C621F9D5B90067A6EC /* sample.png */,
				D7669B9A21FC6AC000A066E1 /* good.png */,
				D7669B9D21FC6C2F00A066E1 /* home.png */,
				D7669B9E21FC6C2F00A066E1 /* notification.png */,
				D7669B9F21FC6C3000A066E1 /* person.png */,
				D7669B9C21FC6C2E00A066E1 /* product.png */,
				D727563C220D532400FADCEE /* Home */,
				D7275640220D534700FADCEE /* GoodList */,
				D727563F220D534600FADCEE /* Sell */,
				D727563D220D533400FADCEE /* Notification */,
				D727563E220D534300FADCEE /* MyPage */,
				D7275641220D535D00FADCEE /* Detail */,
				D7275643220D53B100FADCEE /* Search */,
				D7275642220D536500FADCEE /* SignUpIn */,
				D7379B26221549BC00924E32 /* Other */,
				D787E4A821E857C900025EDE /* AppDelegate.swift */,
				D787E4AC21E857C900025EDE /* Main.storyboard */,
				D787E4AF21E857CB00025EDE /* Assets.xcassets */,
				D787E4B121E857CB00025EDE /* LaunchScreen.storyboard */,
				D787E4B421E857CB00025EDE /* Info.plist */,
				D713421321F0584E006DAE4C /* GoogleService-Info.plist */,
			);
			path = BookShare;
			sourceTree = "<group>";
		};
/* End PBXGroup section */

/* Begin PBXNativeTarget section */
		D787E4A421E857C900025EDE /* BookShare */ = {
			isa = PBXNativeTarget;
			buildConfigurationList = D787E4B721E857CB00025EDE /* Build configuration list for PBXNativeTarget "BookShare" */;
			buildPhases = (
				98A70EDCE21C6DFD44114534 /* [CP] Check Pods Manifest.lock */,
				D787E4A121E857C900025EDE /* Sources */,
				D787E4A221E857C900025EDE /* Frameworks */,
				D787E4A321E857C900025EDE /* Resources */,
				60C41589240DE5F335A786FF /* [CP] Embed Pods Frameworks */,
			);
			buildRules = (
			);
			dependencies = (
			);
			name = BookShare;
			productName = BookShare;
			productReference = D787E4A521E857C900025EDE /* BookShare.app */;
			productType = "com.apple.product-type.application";
		};
/* End PBXNativeTarget section */

/* Begin PBXProject section */
		D787E49D21E857C900025EDE /* Project object */ = {
			isa = PBXProject;
			attributes = {
				LastSwiftUpdateCheck = 1010;
				LastUpgradeCheck = 1010;
				ORGANIZATIONNAME = NEKOKICHI;
				TargetAttributes = {
					D787E4A421E857C900025EDE = {
						CreatedOnToolsVersion = 10.1;
					};
				};
			};
			buildConfigurationList = D787E4A021E857C900025EDE /* Build configuration list for PBXProject "BookShare" */;
			compatibilityVersion = "Xcode 9.3";
			developmentRegion = en;
			hasScannedForEncodings = 0;
			knownRegions = (
				en,
				Base,
			);
			mainGroup = D787E49C21E857C900025EDE;
			productRefGroup = D787E4A621E857C900025EDE /* Products */;
			projectDirPath = "";
			projectRoot = "";
			targets = (
				D787E4A421E857C900025EDE /* BookShare */,
			);
		};
/* End PBXProject section */

/* Begin PBXResourcesBuildPhase section */
		D787E4A321E857C900025EDE /* Resources */ = {
			isa = PBXResourcesBuildPhase;
			buildActionMask = 2147483647;
			files = (
				D7379B2C22154A3800924E32 /* MenuView.storyboard in Resources */,
				D769B6EF220BEAF200D325B9 /* SignUpIn.storyboard in Resources */,
				D7669BA321FC6C3100A066E1 /* person.png in Resources */,
				D7EFBA7321E9A82C002DD6A2 /* NotificationCell.xib in Resources */,
				D7669BA221FC6C3100A066E1 /* notification.png in Resources */,
				D787E4B321E857CB00025EDE /* LaunchScreen.storyboard in Resources */,
				D713421421F0584E006DAE4C /* GoogleService-Info.plist in Resources */,
				D7669B9B21FC6AC100A066E1 /* good.png in Resources */,
				D7669BA021FC6C3100A066E1 /* product.png in Resources */,
				D787E4B021E857CB00025EDE /* Assets.xcassets in Resources */,
				D7669BA121FC6C3100A066E1 /* home.png in Resources */,
				D74339C721F9D5B90067A6EC /* sample.png in Resources */,
				D787E4AE21E857C900025EDE /* Main.storyboard in Resources */,
				D7AE788F21F2131300215844 /* placeholder.png in Resources */,
			);
			runOnlyForDeploymentPostprocessing = 0;
		};
/* End PBXResourcesBuildPhase section */

/* Begin PBXShellScriptBuildPhase section */
		60C41589240DE5F335A786FF /* [CP] Embed Pods Frameworks */ = {
			isa = PBXShellScriptBuildPhase;
			buildActionMask = 2147483647;
			files = (
			);
			inputFileListPaths = (
			);
			inputPaths = (
				"${SRCROOT}/Pods/Target Support Files/Pods-BookShare/Pods-BookShare-frameworks.sh",
				"${BUILT_PRODUCTS_DIR}/BoringSSL-GRPC/openssl_grpc.framework",
				"${BUILT_PRODUCTS_DIR}/EMAlertController/EMAlertController.framework",
				"${BUILT_PRODUCTS_DIR}/GTMSessionFetcher/GTMSessionFetcher.framework",
				"${BUILT_PRODUCTS_DIR}/GoogleUtilities/GoogleUtilities.framework",
				"${BUILT_PRODUCTS_DIR}/Protobuf/Protobuf.framework",
				"${BUILT_PRODUCTS_DIR}/SDWebImage/SDWebImage.framework",
				"${BUILT_PRODUCTS_DIR}/gRPC-C++/grpcpp.framework",
				"${BUILT_PRODUCTS_DIR}/gRPC-Core/grpc.framework",
				"${BUILT_PRODUCTS_DIR}/leveldb-library/leveldb.framework",
				"${BUILT_PRODUCTS_DIR}/nanopb/nanopb.framework",
			);
			name = "[CP] Embed Pods Frameworks";
			outputFileListPaths = (
			);
			outputPaths = (
				"${TARGET_BUILD_DIR}/${FRAMEWORKS_FOLDER_PATH}/openssl_grpc.framework",
				"${TARGET_BUILD_DIR}/${FRAMEWORKS_FOLDER_PATH}/EMAlertController.framework",
				"${TARGET_BUILD_DIR}/${FRAMEWORKS_FOLDER_PATH}/GTMSessionFetcher.framework",
				"${TARGET_BUILD_DIR}/${FRAMEWORKS_FOLDER_PATH}/GoogleUtilities.framework",
				"${TARGET_BUILD_DIR}/${FRAMEWORKS_FOLDER_PATH}/Protobuf.framework",
				"${TARGET_BUILD_DIR}/${FRAMEWORKS_FOLDER_PATH}/SDWebImage.framework",
				"${TARGET_BUILD_DIR}/${FRAMEWORKS_FOLDER_PATH}/grpcpp.framework",
				"${TARGET_BUILD_DIR}/${FRAMEWORKS_FOLDER_PATH}/grpc.framework",
				"${TARGET_BUILD_DIR}/${FRAMEWORKS_FOLDER_PATH}/leveldb.framework",
				"${TARGET_BUILD_DIR}/${FRAMEWORKS_FOLDER_PATH}/nanopb.framework",
			);
			runOnlyForDeploymentPostprocessing = 0;
			shellPath = /bin/sh;
			shellScript = "\"${SRCROOT}/Pods/Target Support Files/Pods-BookShare/Pods-BookShare-frameworks.sh\"\n";
			showEnvVarsInLog = 0;
		};
		98A70EDCE21C6DFD44114534 /* [CP] Check Pods Manifest.lock */ = {
			isa = PBXShellScriptBuildPhase;
			buildActionMask = 2147483647;
			files = (
			);
			inputFileListPaths = (
			);
			inputPaths = (
				"${PODS_PODFILE_DIR_PATH}/Podfile.lock",
				"${PODS_ROOT}/Manifest.lock",
			);
			name = "[CP] Check Pods Manifest.lock";
			outputFileListPaths = (
			);
			outputPaths = (
				"$(DERIVED_FILE_DIR)/Pods-BookShare-checkManifestLockResult.txt",
			);
			runOnlyForDeploymentPostprocessing = 0;
			shellPath = /bin/sh;
			shellScript = "diff \"${PODS_PODFILE_DIR_PATH}/Podfile.lock\" \"${PODS_ROOT}/Manifest.lock\" > /dev/null\nif [ $? != 0 ] ; then\n    # print error to STDERR\n    echo \"error: The sandbox is not in sync with the Podfile.lock. Run 'pod install' or update your CocoaPods installation.\" >&2\n    exit 1\nfi\n# This output is used by Xcode 'outputs' to avoid re-running this script phase.\necho \"SUCCESS\" > \"${SCRIPT_OUTPUT_FILE_0}\"\n";
			showEnvVarsInLog = 0;
		};
/* End PBXShellScriptBuildPhase section */

/* Begin PBXSourcesBuildPhase section */
		D787E4A121E857C900025EDE /* Sources */ = {
			isa = PBXSourcesBuildPhase;
			buildActionMask = 2147483647;
			files = (
				D74D884521E8CB5F00229972 /* DetailBooks2.swift in Sources */,
				D787E4CB21E85C3000025EDE /* SellBooks.swift in Sources */,
				D787E4CD21E85C3D00025EDE /* DetailBook.swift in Sources */,
				D787E4D121E85C8E00025EDE /* OtherPage.swift in Sources */,
				D787E4C321E85B3600025EDE /* MyPage.swift in Sources */,
				D787E4C121E85B2700025EDE /* Notification.swift in Sources */,
				D7EFBA7221E9A82C002DD6A2 /* NotificationCell.swift in Sources */,
				D7AE788D21F1BE2D00215844 /* BookItem.swift in Sources */,
				D787E4BD21E85ACE00025EDE /* GoodList.swift in Sources */,
				D74D884721E8CF5900229972 /* SearchResult.swift in Sources */,
				D7379B2E2215551600924E32 /* Contact.swift in Sources */,
				D7AC786F220BF23B0037EE63 /* SignIn.swift in Sources */,
				D70318BB22168857009D76F2 /* UserData.swift in Sources */,
				D7669B9921FC51C200A066E1 /* SettingDataOfBook.swift in Sources */,
				D7AC7873220BF71F0037EE63 /* SignOutClass.swift in Sources */,
				D787E4C921E85C2500025EDE /* SellBook.swift in Sources */,
				D787E4A921E857C900025EDE /* AppDelegate.swift in Sources */,
				D70EB51F221542E500BA7C51 /* Menu.swift in Sources */,
				D787E4C521E85B4200025EDE /* Home.swift in Sources */,
				D787E4CF21E85C4B00025EDE /* DetailBooks.swift in Sources */,
				D74D884921E8CF6800229972 /* SearchCategory.swift in Sources */,
				D731CB372201347400D80A83 /* SettingDeliveryInformation.swift in Sources */,
				D7649BFB220A8DEF00AD2E70 /* SignUp.swift in Sources */,
			);
			runOnlyForDeploymentPostprocessing = 0;
		};
/* End PBXSourcesBuildPhase section */

/* Begin PBXVariantGroup section */
		D787E4AC21E857C900025EDE /* Main.storyboard */ = {
			isa = PBXVariantGroup;
			children = (
				D787E4AD21E857C900025EDE /* Base */,
			);
			name = Main.storyboard;
			sourceTree = "<group>";
		};
		D787E4B121E857CB00025EDE /* LaunchScreen.storyboard */ = {
			isa = PBXVariantGroup;
			children = (
				D787E4B221E857CB00025EDE /* Base */,
			);
			name = LaunchScreen.storyboard;
			sourceTree = "<group>";
		};
/* End PBXVariantGroup section */

/* Begin XCBuildConfiguration section */
		D787E4B521E857CB00025EDE /* Debug */ = {
			isa = XCBuildConfiguration;
			buildSettings = {
				ALWAYS_SEARCH_USER_PATHS = NO;
				CLANG_ANALYZER_NONNULL = YES;
				CLANG_ANALYZER_NUMBER_OBJECT_CONVERSION = YES_AGGRESSIVE;
				CLANG_CXX_LANGUAGE_STANDARD = "gnu++14";
				CLANG_CXX_LIBRARY = "libc++";
				CLANG_ENABLE_MODULES = YES;
				CLANG_ENABLE_OBJC_ARC = YES;
				CLANG_ENABLE_OBJC_WEAK = YES;
				CLANG_WARN_BLOCK_CAPTURE_AUTORELEASING = YES;
				CLANG_WARN_BOOL_CONVERSION = YES;
				CLANG_WARN_COMMA = YES;
				CLANG_WARN_CONSTANT_CONVERSION = YES;
				CLANG_WARN_DEPRECATED_OBJC_IMPLEMENTATIONS = YES;
				CLANG_WARN_DIRECT_OBJC_ISA_USAGE = YES_ERROR;
				CLANG_WARN_DOCUMENTATION_COMMENTS = YES;
				CLANG_WARN_EMPTY_BODY = YES;
				CLANG_WARN_ENUM_CONVERSION = YES;
				CLANG_WARN_INFINITE_RECURSION = YES;
				CLANG_WARN_INT_CONVERSION = YES;
				CLANG_WARN_NON_LITERAL_NULL_CONVERSION = YES;
				CLANG_WARN_OBJC_IMPLICIT_RETAIN_SELF = YES;
				CLANG_WARN_OBJC_LITERAL_CONVERSION = YES;
				CLANG_WARN_OBJC_ROOT_CLASS = YES_ERROR;
				CLANG_WARN_RANGE_LOOP_ANALYSIS = YES;
				CLANG_WARN_STRICT_PROTOTYPES = YES;
				CLANG_WARN_SUSPICIOUS_MOVE = YES;
				CLANG_WARN_UNGUARDED_AVAILABILITY = YES_AGGRESSIVE;
				CLANG_WARN_UNREACHABLE_CODE = YES;
				CLANG_WARN__DUPLICATE_METHOD_MATCH = YES;
				CODE_SIGN_IDENTITY = "iPhone Developer";
				COPY_PHASE_STRIP = NO;
				DEBUG_INFORMATION_FORMAT = dwarf;
				ENABLE_STRICT_OBJC_MSGSEND = YES;
				ENABLE_TESTABILITY = YES;
				GCC_C_LANGUAGE_STANDARD = gnu11;
				GCC_DYNAMIC_NO_PIC = NO;
				GCC_NO_COMMON_BLOCKS = YES;
				GCC_OPTIMIZATION_LEVEL = 0;
				GCC_PREPROCESSOR_DEFINITIONS = (
					"DEBUG=1",
					"$(inherited)",
				);
				GCC_WARN_64_TO_32_BIT_CONVERSION = YES;
				GCC_WARN_ABOUT_RETURN_TYPE = YES_ERROR;
				GCC_WARN_UNDECLARED_SELECTOR = YES;
				GCC_WARN_UNINITIALIZED_AUTOS = YES_AGGRESSIVE;
				GCC_WARN_UNUSED_FUNCTION = YES;
				GCC_WARN_UNUSED_VARIABLE = YES;
				IPHONEOS_DEPLOYMENT_TARGET = 12.1;
				MTL_ENABLE_DEBUG_INFO = INCLUDE_SOURCE;
				MTL_FAST_MATH = YES;
				ONLY_ACTIVE_ARCH = YES;
				SDKROOT = iphoneos;
				SWIFT_ACTIVE_COMPILATION_CONDITIONS = DEBUG;
				SWIFT_OPTIMIZATION_LEVEL = "-Onone";
			};
			name = Debug;
		};
		D787E4B621E857CB00025EDE /* Release */ = {
			isa = XCBuildConfiguration;
			buildSettings = {
				ALWAYS_SEARCH_USER_PATHS = NO;
				CLANG_ANALYZER_NONNULL = YES;
				CLANG_ANALYZER_NUMBER_OBJECT_CONVERSION = YES_AGGRESSIVE;
				CLANG_CXX_LANGUAGE_STANDARD = "gnu++14";
				CLANG_CXX_LIBRARY = "libc++";
				CLANG_ENABLE_MODULES = YES;
				CLANG_ENABLE_OBJC_ARC = YES;
				CLANG_ENABLE_OBJC_WEAK = YES;
				CLANG_WARN_BLOCK_CAPTURE_AUTORELEASING = YES;
				CLANG_WARN_BOOL_CONVERSION = YES;
				CLANG_WARN_COMMA = YES;
				CLANG_WARN_CONSTANT_CONVERSION = YES;
				CLANG_WARN_DEPRECATED_OBJC_IMPLEMENTATIONS = YES;
				CLANG_WARN_DIRECT_OBJC_ISA_USAGE = YES_ERROR;
				CLANG_WARN_DOCUMENTATION_COMMENTS = YES;
				CLANG_WARN_EMPTY_BODY = YES;
				CLANG_WARN_ENUM_CONVERSION = YES;
				CLANG_WARN_INFINITE_RECURSION = YES;
				CLANG_WARN_INT_CONVERSION = YES;
				CLANG_WARN_NON_LITERAL_NULL_CONVERSION = YES;
				CLANG_WARN_OBJC_IMPLICIT_RETAIN_SELF = YES;
				CLANG_WARN_OBJC_LITERAL_CONVERSION = YES;
				CLANG_WARN_OBJC_ROOT_CLASS = YES_ERROR;
				CLANG_WARN_RANGE_LOOP_ANALYSIS = YES;
				CLANG_WARN_STRICT_PROTOTYPES = YES;
				CLANG_WARN_SUSPICIOUS_MOVE = YES;
				CLANG_WARN_UNGUARDED_AVAILABILITY = YES_AGGRESSIVE;
				CLANG_WARN_UNREACHABLE_CODE = YES;
				CLANG_WARN__DUPLICATE_METHOD_MATCH = YES;
				CODE_SIGN_IDENTITY = "iPhone Developer";
				COPY_PHASE_STRIP = NO;
				DEBUG_INFORMATION_FORMAT = "dwarf-with-dsym";
				ENABLE_NS_ASSERTIONS = NO;
				ENABLE_STRICT_OBJC_MSGSEND = YES;
				GCC_C_LANGUAGE_STANDARD = gnu11;
				GCC_NO_COMMON_BLOCKS = YES;
				GCC_WARN_64_TO_32_BIT_CONVERSION = YES;
				GCC_WARN_ABOUT_RETURN_TYPE = YES_ERROR;
				GCC_WARN_UNDECLARED_SELECTOR = YES;
				GCC_WARN_UNINITIALIZED_AUTOS = YES_AGGRESSIVE;
				GCC_WARN_UNUSED_FUNCTION = YES;
				GCC_WARN_UNUSED_VARIABLE = YES;
				IPHONEOS_DEPLOYMENT_TARGET = 12.1;
				MTL_ENABLE_DEBUG_INFO = NO;
				MTL_FAST_MATH = YES;
				SDKROOT = iphoneos;
				SWIFT_COMPILATION_MODE = wholemodule;
				SWIFT_OPTIMIZATION_LEVEL = "-O";
				VALIDATE_PRODUCT = YES;
			};
			name = Release;
		};
		D787E4B821E857CB00025EDE /* Debug */ = {
			isa = XCBuildConfiguration;
			baseConfigurationReference = 8E38B32A67BB6A0776C7F920 /* Pods-BookShare.debug.xcconfig */;
			buildSettings = {
				ASSETCATALOG_COMPILER_APPICON_NAME = AppIcon;
				CODE_SIGN_STYLE = Automatic;
				DEVELOPMENT_TEAM = 75542DEHP7;
				INFOPLIST_FILE = BookShare/Info.plist;
				LD_RUNPATH_SEARCH_PATHS = (
					"$(inherited)",
					"@executable_path/Frameworks",
				);
				PRODUCT_BUNDLE_IDENTIFIER = com.nekokichi.BookShare;
				PRODUCT_NAME = "$(TARGET_NAME)";
				SWIFT_VERSION = 4.2;
				TARGETED_DEVICE_FAMILY = "1,2";
			};
			name = Debug;
		};
		D787E4B921E857CB00025EDE /* Release */ = {
			isa = XCBuildConfiguration;
			baseConfigurationReference = D46476F66A8ECA6BBB77A6DB /* Pods-BookShare.release.xcconfig */;
			buildSettings = {
				ASSETCATALOG_COMPILER_APPICON_NAME = AppIcon;
				CODE_SIGN_STYLE = Automatic;
				DEVELOPMENT_TEAM = 75542DEHP7;
				INFOPLIST_FILE = BookShare/Info.plist;
				LD_RUNPATH_SEARCH_PATHS = (
					"$(inherited)",
					"@executable_path/Frameworks",
				);
				PRODUCT_BUNDLE_IDENTIFIER = com.nekokichi.BookShare;
				PRODUCT_NAME = "$(TARGET_NAME)";
				SWIFT_VERSION = 4.2;
				TARGETED_DEVICE_FAMILY = "1,2";
			};
			name = Release;
		};
/* End XCBuildConfiguration section */

/* Begin XCConfigurationList section */
		D787E4A021E857C900025EDE /* Build configuration list for PBXProject "BookShare" */ = {
			isa = XCConfigurationList;
			buildConfigurations = (
				D787E4B521E857CB00025EDE /* Debug */,
				D787E4B621E857CB00025EDE /* Release */,
			);
			defaultConfigurationIsVisible = 0;
			defaultConfigurationName = Release;
		};
		D787E4B721E857CB00025EDE /* Build configuration list for PBXNativeTarget "BookShare" */ = {
			isa = XCConfigurationList;
			buildConfigurations = (
				D787E4B821E857CB00025EDE /* Debug */,
				D787E4B921E857CB00025EDE /* Release */,
			);
			defaultConfigurationIsVisible = 0;
			defaultConfigurationName = Release;
		};
/* End XCConfigurationList section */
	};
	rootObject = D787E49D21E857C900025EDE /* Project object */;
}
